Microsoft Visual Studio Solution File, Format Version 12.00
# Visual Studio 16
Project("{8BC9CEB8-8B4A-11D0-8D11-00A0C91BC942}") = "ALL_BUILD", "ALL_BUILD.vcxproj", "{C195388E-540E-3AE2-924F-AD731014283A}"
	ProjectSection(ProjectDependencies) = postProject
		{E28B05D8-23AB-3CF6-9C7A-D4FAAE0FDAC8} = {E28B05D8-23AB-3CF6-9C7A-D4FAAE0FDAC8}
		{727D2BC1-20FD-342D-9ED4-3E444CE8EB55} = {727D2BC1-20FD-342D-9ED4-3E444CE8EB55}
		{E600AE8B-B22F-356D-BE77-38A83F015ECB} = {E600AE8B-B22F-356D-BE77-38A83F015ECB}
		{C6D32BD4-F480-3424-9B3B-9481C1323B81} = {C6D32BD4-F480-3424-9B3B-9481C1323B81}
		{C9E1A5FA-70C7-30F1-BB57-F4F34913B6E0} = {C9E1A5FA-70C7-30F1-BB57-F4F34913B6E0}
	EndProjectSection
EndProject
Project("{8BC9CEB8-8B4A-11D0-8D11-00A0C91BC942}") = "INSTALL", "INSTALL.vcxproj", "{1E164BD9-E8F2-3D61-B90A-306D92704EC4}"
	ProjectSection(ProjectDependencies) = postProject
		{C195388E-540E-3AE2-924F-AD731014283A} = {C195388E-540E-3AE2-924F-AD731014283A}
		{E28B05D8-23AB-3CF6-9C7A-D4FAAE0FDAC8} = {E28B05D8-23AB-3CF6-9C7A-D4FAAE0FDAC8}
	EndProjectSection
EndProject
Project("{8BC9CEB8-8B4A-11D0-8D11-00A0C91BC942}") = "UpdateAssimpLibsDebugSymbolsAndDLLs", "UpdateAssimpLibsDebugSymbolsAndDLLs.vcxproj", "{9BA44191-3402-3BAC-A391-5F5D4F51E349}"
	ProjectSection(ProjectDependencies) = postProject
		{E28B05D8-23AB-3CF6-9C7A-D4FAAE0FDAC8} = {E28B05D8-23AB-3CF6-9C7A-D4FAAE0FDAC8}
	EndProjectSection
EndProject
Project("{8BC9CEB8-8B4A-11D0-8D11-00A0C91BC942}") = "ZERO_CHECK", "ZERO_CHECK.vcxproj", "{E28B05D8-23AB-3CF6-9C7A-D4FAAE0FDAC8}"
	ProjectSection(ProjectDependencies) = postProject
	EndProjectSection
EndProject
Project("{8BC9CEB8-8B4A-11D0-8D11-00A0C91BC942}") = "assimp", "code\assimp.vcxproj", "{727D2BC1-20FD-342D-9ED4-3E444CE8EB55}"
	ProjectSection(ProjectDependencies) = postProject
		{E28B05D8-23AB-3CF6-9C7A-D4FAAE0FDAC8} = {E28B05D8-23AB-3CF6-9C7A-D4FAAE0FDAC8}
		{C9E1A5FA-70C7-30F1-BB57-F4F34913B6E0} = {C9E1A5FA-70C7-30F1-BB57-F4F34913B6E0}
	EndProjectSection
EndProject
Project("{8BC9CEB8-8B4A-11D0-8D11-00A0C91BC942}") = "assimp_cmd", "tools\assimp_cmd\assimp_cmd.vcxproj", "{E600AE8B-B22F-356D-BE77-38A83F015ECB}"
	ProjectSection(ProjectDependencies) = postProject
		{E28B05D8-23AB-3CF6-9C7A-D4FAAE0FDAC8} = {E28B05D8-23AB-3CF6-9C7A-D4FAAE0FDAC8}
		{727D2BC1-20FD-342D-9ED4-3E444CE8EB55} = {727D2BC1-20FD-342D-9ED4-3E444CE8EB55}
		{C9E1A5FA-70C7-30F1-BB57-F4F34913B6E0} = {C9E1A5FA-70C7-30F1-BB57-F4F34913B6E0}
	EndProjectSection
EndProject
Project("{8BC9CEB8-8B4A-11D0-8D11-00A0C91BC942}") = "uninstall", "uninstall.vcxproj", "{FE774C38-572B-3DD7-8569-85BCE9C10360}"
	ProjectSection(ProjectDependencies) = postProject
		{E28B05D8-23AB-3CF6-9C7A-D4FAAE0FDAC8} = {E28B05D8-23AB-3CF6-9C7A-D4FAAE0FDAC8}
	EndProjectSection
EndProject
Project("{8BC9CEB8-8B4A-11D0-8D11-00A0C91BC942}") = "unit", "test\unit.vcxproj", "{C6D32BD4-F480-3424-9B3B-9481C1323B81}"
	ProjectSection(ProjectDependencies) = postProject
		{E28B05D8-23AB-3CF6-9C7A-D4FAAE0FDAC8} = {E28B05D8-23AB-3CF6-9C7A-D4FAAE0FDAC8}
		{727D2BC1-20FD-342D-9ED4-3E444CE8EB55} = {727D2BC1-20FD-342D-9ED4-3E444CE8EB55}
		{C9E1A5FA-70C7-30F1-BB57-F4F34913B6E0} = {C9E1A5FA-70C7-30F1-BB57-F4F34913B6E0}
	EndProjectSection
EndProject
Project("{8BC9CEB8-8B4A-11D0-8D11-00A0C91BC942}") = "zlibstatic", "contrib\zlib\zlibstatic.vcxproj", "{C9E1A5FA-70C7-30F1-BB57-F4F34913B6E0}"
	ProjectSection(ProjectDependencies) = postProject
		{E28B05D8-23AB-3CF6-9C7A-D4FAAE0FDAC8} = {E28B05D8-23AB-3CF6-9C7A-D4FAAE0FDAC8}
	EndProjectSection
EndProject
Global
	GlobalSection(SolutionConfigurationPlatforms) = preSolution
		Debug|x64 = Debug|x64
		Release|x64 = Release|x64
		MinSizeRel|x64 = MinSizeRel|x64
		RelWithDebInfo|x64 = RelWithDebInfo|x64
	EndGlobalSection
	GlobalSection(ProjectConfigurationPlatforms) = postSolution
		{C195388E-540E-3AE2-924F-AD731014283A}.Debug|x64.ActiveCfg = Debug|x64
		{C195388E-540E-3AE2-924F-AD731014283A}.Debug|x64.Build.0 = Debug|x64
		{C195388E-540E-3AE2-924F-AD731014283A}.Release|x64.ActiveCfg = Release|x64
		{C195388E-540E-3AE2-924F-AD731014283A}.Release|x64.Build.0 = Release|x64
		{C195388E-540E-3AE2-924F-AD731014283A}.MinSizeRel|x64.ActiveCfg = MinSizeRel|x64
		{C195388E-540E-3AE2-924F-AD731014283A}.MinSizeRel|x64.Build.0 = MinSizeRel|x64
		{C195388E-540E-3AE2-924F-AD731014283A}.RelWithDebInfo|x64.ActiveCfg = RelWithDebInfo|x64
		{C195388E-540E-3AE2-924F-AD731014283A}.RelWithDebInfo|x64.Build.0 = RelWithDebInfo|x64
		{1E164BD9-E8F2-3D61-B90A-306D92704EC4}.Debug|x64.ActiveCfg = Debug|x64
		{1E164BD9-E8F2-3D61-B90A-306D92704EC4}.Release|x64.ActiveCfg = Release|x64
		{1E164BD9-E8F2-3D61-B90A-306D92704EC4}.MinSizeRel|x64.ActiveCfg = MinSizeRel|x64
		{1E164BD9-E8F2-3D61-B90A-306D92704EC4}.RelWithDebInfo|x64.ActiveCfg = RelWithDebInfo|x64
		{9BA44191-3402-3BAC-A391-5F5D4F51E349}.Debug|x64.ActiveCfg = Debug|x64
		{9BA44191-3402-3BAC-A391-5F5D4F51E349}.Release|x64.ActiveCfg = Release|x64
		{9BA44191-3402-3BAC-A391-5F5D4F51E349}.MinSizeRel|x64.ActiveCfg = MinSizeRel|x64
		{9BA44191-3402-3BAC-A391-5F5D4F51E349}.RelWithDebInfo|x64.ActiveCfg = RelWithDebInfo|x64
		{E28B05D8-23AB-3CF6-9C7A-D4FAAE0FDAC8}.Debug|x64.ActiveCfg = Debug|x64
		{E28B05D8-23AB-3CF6-9C7A-D4FAAE0FDAC8}.Debug|x64.Build.0 = Debug|x64
		{E28B05D8-23AB-3CF6-9C7A-D4FAAE0FDAC8}.Release|x64.ActiveCfg = Release|x64
		{E28B05D8-23AB-3CF6-9C7A-D4FAAE0FDAC8}.Release|x64.Build.0 = Release|x64
		{E28B05D8-23AB-3CF6-9C7A-D4FAAE0FDAC8}.MinSizeRel|x64.ActiveCfg = MinSizeRel|x64
		{E28B05D8-23AB-3CF6-9C7A-D4FAAE0FDAC8}.MinSizeRel|x64.Build.0 = MinSizeRel|x64
		{E28B05D8-23AB-3CF6-9C7A-D4FAAE0FDAC8}.RelWithDebInfo|x64.ActiveCfg = RelWithDebInfo|x64
		{E28B05D8-23AB-3CF6-9C7A-D4FAAE0FDAC8}.RelWithDebInfo|x64.Build.0 = RelWithDebInfo|x64
		{727D2BC1-20FD-342D-9ED4-3E444CE8EB55}.Debug|x64.ActiveCfg = Debug|x64
		{727D2BC1-20FD-342D-9ED4-3E444CE8EB55}.Debug|x64.Build.0 = Debug|x64
		{727D2BC1-20FD-342D-9ED4-3E444CE8EB55}.Release|x64.ActiveCfg = Release|x64
		{727D2BC1-20FD-342D-9ED4-3E444CE8EB55}.Release|x64.Build.0 = Release|x64
		{727D2BC1-20FD-342D-9ED4-3E444CE8EB55}.MinSizeRel|x64.ActiveCfg = MinSizeRel|x64
		{727D2BC1-20FD-342D-9ED4-3E444CE8EB55}.MinSizeRel|x64.Build.0 = MinSizeRel|x64
		{727D2BC1-20FD-342D-9ED4-3E444CE8EB55}.RelWithDebInfo|x64.ActiveCfg = RelWithDebInfo|x64
		{727D2BC1-20FD-342D-9ED4-3E444CE8EB55}.RelWithDebInfo|x64.Build.0 = RelWithDebInfo|x64
		{E600AE8B-B22F-356D-BE77-38A83F015ECB}.Debug|x64.ActiveCfg = Debug|x64
		{E600AE8B-B22F-356D-BE77-38A83F015ECB}.Debug|x64.Build.0 = Debug|x64
		{E600AE8B-B22F-356D-BE77-38A83F015ECB}.Release|x64.ActiveCfg = Release|x64
		{E600AE8B-B22F-356D-BE77-38A83F015ECB}.Release|x64.Build.0 = Release|x64
		{E600AE8B-B22F-356D-BE77-38A83F015ECB}.MinSizeRel|x64.ActiveCfg = MinSizeRel|x64
		{E600AE8B-B22F-356D-BE77-38A83F015ECB}.MinSizeRel|x64.Build.0 = MinSizeRel|x64
		{E600AE8B-B22F-356D-BE77-38A83F015ECB}.RelWithDebInfo|x64.ActiveCfg = RelWithDebInfo|x64
		{E600AE8B-B22F-356D-BE77-38A83F015ECB}.RelWithDebInfo|x64.Build.0 = RelWithDebInfo|x64
		{FE774C38-572B-3DD7-8569-85BCE9C10360}.Debug|x64.ActiveCfg = Debug|x64
		{FE774C38-572B-3DD7-8569-85BCE9C10360}.Release|x64.ActiveCfg = Release|x64
		{FE774C38-572B-3DD7-8569-85BCE9C10360}.MinSizeRel|x64.ActiveCfg = MinSizeRel|x64
		{FE774C38-572B-3DD7-8569-85BCE9C10360}.RelWithDebInfo|x64.ActiveCfg = RelWithDebInfo|x64
		{C6D32BD4-F480-3424-9B3B-9481C1323B81}.Debug|x64.ActiveCfg = Debug|x64
		{C6D32BD4-F480-3424-9B3B-9481C1323B81}.Debug|x64.Build.0 = Debug|x64
		{C6D32BD4-F480-3424-9B3B-9481C1323B81}.Release|x64.ActiveCfg = Release|x64
		{C6D32BD4-F480-3424-9B3B-9481C1323B81}.Release|x64.Build.0 = Release|x64
		{C6D32BD4-F480-3424-9B3B-9481C1323B81}.MinSizeRel|x64.ActiveCfg = MinSizeRel|x64
		{C6D32BD4-F480-3424-9B3B-9481C1323B81}.MinSizeRel|x64.Build.0 = MinSizeRel|x64
		{C6D32BD4-F480-3424-9B3B-9481C1323B81}.RelWithDebInfo|x64.ActiveCfg = RelWithDebInfo|x64
		{C6D32BD4-F480-3424-9B3B-9481C1323B81}.RelWithDebInfo|x64.Build.0 = RelWithDebInfo|x64
		{C9E1A5FA-70C7-30F1-BB57-F4F34913B6E0}.Debug|x64.ActiveCfg = Debug|x64
		{C9E1A5FA-70C7-30F1-BB57-F4F34913B6E0}.Debug|x64.Build.0 = Debug|x64
		{C9E1A5FA-70C7-30F1-BB57-F4F34913B6E0}.Release|x64.ActiveCfg = Release|x64
		{C9E1A5FA-70C7-30F1-BB57-F4F34913B6E0}.Release|x64.Build.0 = Release|x64
		{C9E1A5FA-70C7-30F1-BB57-F4F34913B6E0}.MinSizeRel|x64.ActiveCfg = MinSizeRel|x64
		{C9E1A5FA-70C7-30F1-BB57-F4F34913B6E0}.MinSizeRel|x64.Build.0 = MinSizeRel|x64
		{C9E1A5FA-70C7-30F1-BB57-F4F34913B6E0}.RelWithDebInfo|x64.ActiveCfg = RelWithDebInfo|x64
		{C9E1A5FA-70C7-30F1-BB57-F4F34913B6E0}.RelWithDebInfo|x64.Build.0 = RelWithDebInfo|x64
	EndGlobalSection
	GlobalSection(ExtensibilityGlobals) = postSolution
		SolutionGuid = {3CBB8972-FF41-32E1-9E09-17038E9644D3}
	EndGlobalSection
	GlobalSection(ExtensibilityAddIns) = postSolution
	EndGlobalSection
EndGlobal
